
Microsoft Visual Studio Solution File, Format Version 12.00
# Visual Studio Version 17
VisualStudioVersion = 17.7.34031.279
MinimumVisualStudioVersion = 10.0.40219.1
Project("{9A19103F-16F7-4668-BE54-9A1E7A4F7556}") = "NLAC", "NLAC.csproj", "{BC764628-0405-4AEA-BE62-34EE65C860D6}"
EndProject
Global
	GlobalSection(SolutionConfigurationPlatforms) = preSolution
		Debug|Any CPU = Debug|Any CPU
		Release|Any CPU = Release|Any CPU
	EndGlobalSection
	GlobalSection(ProjectConfigurationPlatforms) = postSolution
		{BC764628-0405-4AEA-BE62-34EE65C860D6}.Debug|Any CPU.ActiveCfg = Debug|Any CPU
		{BC764628-0405-4AEA-BE62-34EE65C860D6}.Debug|Any CPU.Build.0 = Debug|Any CPU
		{BC764628-0405-4AEA-BE62-34EE65C860D6}.Release|Any CPU.ActiveCfg = Release|Any CPU
		{BC764628-0405-4AEA-BE62-34EE65C860D6}.Release|Any CPU.Build.0 = Release|Any CPU
	EndGlobalSection
	GlobalSection(SolutionProperties) = preSolution
		HideSolutionNode = FALSE
	EndGlobalSection
	GlobalSection(ExtensibilityGlobals) = postSolution
		SolutionGuid = {2AC8ECFC-3346-4D3E-B53D-4A34953C7120}
	EndGlobalSection
EndGlobal
